// !$*UTF8*$!
{
	archiveVersion = 1;
	classes = {
	};
	objectVersion = 51;
	objects = {

/* Begin PBXBuildFile section */
		018309D424451B6D00271880 /* SettingCameraViewController.swift in Sources */ = {isa = PBXBuildFile; fileRef = 018309D324451B6D00271880 /* SettingCameraViewController.swift */; };
		35403BF323FE0DC100795A5B /* AppDelegate.swift in Sources */ = {isa = PBXBuildFile; fileRef = 35403BF223FE0DC100795A5B /* AppDelegate.swift */; };
		35403BF523FE0DC100795A5B /* ViewController.swift in Sources */ = {isa = PBXBuildFile; fileRef = 35403BF423FE0DC100795A5B /* ViewController.swift */; };
		35403BF823FE0DC100795A5B /* Main.storyboard in Resources */ = {isa = PBXBuildFile; fileRef = 35403BF623FE0DC100795A5B /* Main.storyboard */; };
		35403BFA23FE0DC200795A5B /* Assets.xcassets in Resources */ = {isa = PBXBuildFile; fileRef = 35403BF923FE0DC200795A5B /* Assets.xcassets */; };
		35403BFD23FE0DC200795A5B /* LaunchScreen.storyboard in Resources */ = {isa = PBXBuildFile; fileRef = 35403BFB23FE0DC200795A5B /* LaunchScreen.storyboard */; };
		A2DAFD95E06DF9DB28F7BB52 /* Pods_PuppyLuv.framework in Frameworks */ = {isa = PBXBuildFile; fileRef = ACAB132A255D329FBB0686A4 /* Pods_PuppyLuv.framework */; };
		A349A94824355CA900C94A41 /* QuizViewController.swift in Sources */ = {isa = PBXBuildFile; fileRef = A349A94724355CA900C94A41 /* QuizViewController.swift */; };
		A349A94C2435852700C94A41 /* QuestionsViewController.swift in Sources */ = {isa = PBXBuildFile; fileRef = A349A94B2435852700C94A41 /* QuestionsViewController.swift */; };
		A38C39BA242993FC00E76313 /* SettingViewController.swift in Sources */ = {isa = PBXBuildFile; fileRef = A38C39B9242993FC00E76313 /* SettingViewController.swift */; };
		A38C39BC24299AED00E76313 /* SettingTableViewController.swift in Sources */ = {isa = PBXBuildFile; fileRef = A38C39BB24299AED00E76313 /* SettingTableViewController.swift */; };
		A38C79A62444ED86009F96BB /* FeedViewController.swift in Sources */ = {isa = PBXBuildFile; fileRef = A38C79A52444ED85009F96BB /* FeedViewController.swift */; };
		A38C79AA244A3D4E009F96BB /* FeedCameraViewController.swift in Sources */ = {isa = PBXBuildFile; fileRef = A38C79A9244A3D4E009F96BB /* FeedCameraViewController.swift */; };
		A38C79AC244A4781009F96BB /* DogFeedCell.swift in Sources */ = {isa = PBXBuildFile; fileRef = A38C79AB244A4781009F96BB /* DogFeedCell.swift */; };
		A38C79AE244A5FDE009F96BB /* CommentCell.swift in Sources */ = {isa = PBXBuildFile; fileRef = A38C79AD244A5FDE009F96BB /* CommentCell.swift */; };
		A38E69C424202E2F00BBD665 /* LoginViewController.swift in Sources */ = {isa = PBXBuildFile; fileRef = A38E69C324202E2F00BBD665 /* LoginViewController.swift */; };
		A38E69C624202F2300BBD665 /* HomeViewController.swift in Sources */ = {isa = PBXBuildFile; fileRef = A38E69C524202F2300BBD665 /* HomeViewController.swift */; };
		A38E69C82420343300BBD665 /* MainTabController.swift in Sources */ = {isa = PBXBuildFile; fileRef = A38E69C72420343300BBD665 /* MainTabController.swift */; };
		A38E69CA24204A1F00BBD665 /* ProfileViewController.swift in Sources */ = {isa = PBXBuildFile; fileRef = A38E69C924204A1F00BBD665 /* ProfileViewController.swift */; };
/* End PBXBuildFile section */

/* Begin PBXFileReference section */
		018309D324451B6D00271880 /* SettingCameraViewController.swift */ = {isa = PBXFileReference; lastKnownFileType = sourcecode.swift; path = SettingCameraViewController.swift; sourceTree = "<group>"; };
		35403BEF23FE0DC100795A5B /* PuppyLuv.app */ = {isa = PBXFileReference; explicitFileType = wrapper.application; includeInIndex = 0; path = PuppyLuv.app; sourceTree = BUILT_PRODUCTS_DIR; };
		35403BF223FE0DC100795A5B /* AppDelegate.swift */ = {isa = PBXFileReference; lastKnownFileType = sourcecode.swift; path = AppDelegate.swift; sourceTree = "<group>"; };
		35403BF423FE0DC100795A5B /* ViewController.swift */ = {isa = PBXFileReference; lastKnownFileType = sourcecode.swift; path = ViewController.swift; sourceTree = "<group>"; };
		35403BF723FE0DC100795A5B /* Base */ = {isa = PBXFileReference; lastKnownFileType = file.storyboard; name = Base; path = Base.lproj/Main.storyboard; sourceTree = "<group>"; };
		35403BF923FE0DC200795A5B /* Assets.xcassets */ = {isa = PBXFileReference; lastKnownFileType = folder.assetcatalog; path = Assets.xcassets; sourceTree = "<group>"; };
		35403BFC23FE0DC200795A5B /* Base */ = {isa = PBXFileReference; lastKnownFileType = file.storyboard; name = Base; path = Base.lproj/LaunchScreen.storyboard; sourceTree = "<group>"; };
		35403BFE23FE0DC200795A5B /* Info.plist */ = {isa = PBXFileReference; lastKnownFileType = text.plist.xml; path = Info.plist; sourceTree = "<group>"; };
		6C928C1B6910AF8895171472 /* Pods-PuppyLuv.release.xcconfig */ = {isa = PBXFileReference; includeInIndex = 1; lastKnownFileType = text.xcconfig; name = "Pods-PuppyLuv.release.xcconfig"; path = "Target Support Files/Pods-PuppyLuv/Pods-PuppyLuv.release.xcconfig"; sourceTree = "<group>"; };
		7C9D2B0B6D6F778B5D4B72D6 /* Pods-PuppyLuv.debug.xcconfig */ = {isa = PBXFileReference; includeInIndex = 1; lastKnownFileType = text.xcconfig; name = "Pods-PuppyLuv.debug.xcconfig"; path = "Target Support Files/Pods-PuppyLuv/Pods-PuppyLuv.debug.xcconfig"; sourceTree = "<group>"; };
		A349A94724355CA900C94A41 /* QuizViewController.swift */ = {isa = PBXFileReference; lastKnownFileType = sourcecode.swift; path = QuizViewController.swift; sourceTree = "<group>"; };
		A349A94B2435852700C94A41 /* QuestionsViewController.swift */ = {isa = PBXFileReference; lastKnownFileType = sourcecode.swift; path = QuestionsViewController.swift; sourceTree = "<group>"; };
		A38C39B9242993FC00E76313 /* SettingViewController.swift */ = {isa = PBXFileReference; lastKnownFileType = sourcecode.swift; path = SettingViewController.swift; sourceTree = "<group>"; };
		A38C39BB24299AED00E76313 /* SettingTableViewController.swift */ = {isa = PBXFileReference; lastKnownFileType = sourcecode.swift; path = SettingTableViewController.swift; sourceTree = "<group>"; };
		A38C79A52444ED85009F96BB /* FeedViewController.swift */ = {isa = PBXFileReference; lastKnownFileType = sourcecode.swift; path = FeedViewController.swift; sourceTree = "<group>"; };
		A38C79A9244A3D4E009F96BB /* FeedCameraViewController.swift */ = {isa = PBXFileReference; lastKnownFileType = sourcecode.swift; path = FeedCameraViewController.swift; sourceTree = "<group>"; };
		A38C79AB244A4781009F96BB /* DogFeedCell.swift */ = {isa = PBXFileReference; lastKnownFileType = sourcecode.swift; path = DogFeedCell.swift; sourceTree = "<group>"; };
		A38C79AD244A5FDE009F96BB /* CommentCell.swift */ = {isa = PBXFileReference; lastKnownFileType = sourcecode.swift; path = CommentCell.swift; sourceTree = "<group>"; };
		A38E69C324202E2F00BBD665 /* LoginViewController.swift */ = {isa = PBXFileReference; lastKnownFileType = sourcecode.swift; path = LoginViewController.swift; sourceTree = "<group>"; };
		A38E69C524202F2300BBD665 /* HomeViewController.swift */ = {isa = PBXFileReference; lastKnownFileType = sourcecode.swift; path = HomeViewController.swift; sourceTree = "<group>"; };
		A38E69C72420343300BBD665 /* MainTabController.swift */ = {isa = PBXFileReference; lastKnownFileType = sourcecode.swift; path = MainTabController.swift; sourceTree = "<group>"; };
		A38E69C924204A1F00BBD665 /* ProfileViewController.swift */ = {isa = PBXFileReference; lastKnownFileType = sourcecode.swift; path = ProfileViewController.swift; sourceTree = "<group>"; };
		ACAB132A255D329FBB0686A4 /* Pods_PuppyLuv.framework */ = {isa = PBXFileReference; explicitFileType = wrapper.framework; includeInIndex = 0; path = Pods_PuppyLuv.framework; sourceTree = BUILT_PRODUCTS_DIR; };
/* End PBXFileReference section */

/* Begin PBXFrameworksBuildPhase section */
		35403BEC23FE0DC100795A5B /* Frameworks */ = {
			isa = PBXFrameworksBuildPhase;
			buildActionMask = 2147483647;
			files = (
				A2DAFD95E06DF9DB28F7BB52 /* Pods_PuppyLuv.framework in Frameworks */,
			);
			runOnlyForDeploymentPostprocessing = 0;
		};
/* End PBXFrameworksBuildPhase section */

/* Begin PBXGroup section */
		35403BE623FE0DC100795A5B = {
			isa = PBXGroup;
			children = (
				35403BF123FE0DC100795A5B /* PuppyLuv */,
				35403BF023FE0DC100795A5B /* Products */,
				A29D134FEC416A2C8D5D4B08 /* Pods */,
				F90668F560D49BC18B20140A /* Frameworks */,
			);
			sourceTree = "<group>";
		};
		35403BF023FE0DC100795A5B /* Products */ = {
			isa = PBXGroup;
			children = (
				35403BEF23FE0DC100795A5B /* PuppyLuv.app */,
			);
			name = Products;
			sourceTree = "<group>";
		};
		35403BF123FE0DC100795A5B /* PuppyLuv */ = {
			isa = PBXGroup;
			children = (
				35403BF223FE0DC100795A5B /* AppDelegate.swift */,
				35403BF423FE0DC100795A5B /* ViewController.swift */,
				35403BF623FE0DC100795A5B /* Main.storyboard */,
				35403BF923FE0DC200795A5B /* Assets.xcassets */,
				35403BFB23FE0DC200795A5B /* LaunchScreen.storyboard */,
				35403BFE23FE0DC200795A5B /* Info.plist */,
				A38E69C324202E2F00BBD665 /* LoginViewController.swift */,
				A38E69C524202F2300BBD665 /* HomeViewController.swift */,
				A38E69C72420343300BBD665 /* MainTabController.swift */,
				A38E69C924204A1F00BBD665 /* ProfileViewController.swift */,
				A38C39B9242993FC00E76313 /* SettingViewController.swift */,
				A38C39BB24299AED00E76313 /* SettingTableViewController.swift */,
				A349A94724355CA900C94A41 /* QuizViewController.swift */,
				A349A94B2435852700C94A41 /* QuestionsViewController.swift */,
				A38C79A52444ED85009F96BB /* FeedViewController.swift */,
				018309D324451B6D00271880 /* SettingCameraViewController.swift */,
				A38C79A9244A3D4E009F96BB /* FeedCameraViewController.swift */,
				A38C79AB244A4781009F96BB /* DogFeedCell.swift */,
				A38C79AD244A5FDE009F96BB /* CommentCell.swift */,
			);
			path = PuppyLuv;
			sourceTree = "<group>";
		};
		A29D134FEC416A2C8D5D4B08 /* Pods */ = {
			isa = PBXGroup;
			children = (
				7C9D2B0B6D6F778B5D4B72D6 /* Pods-PuppyLuv.debug.xcconfig */,
				6C928C1B6910AF8895171472 /* Pods-PuppyLuv.release.xcconfig */,
			);
			path = Pods;
			sourceTree = "<group>";
		};
		F90668F560D49BC18B20140A /* Frameworks */ = {
			isa = PBXGroup;
			children = (
				ACAB132A255D329FBB0686A4 /* Pods_PuppyLuv.framework */,
			);
			name = Frameworks;
			sourceTree = "<group>";
		};
/* End PBXGroup section */

/* Begin PBXNativeTarget section */
		35403BEE23FE0DC100795A5B /* PuppyLuv */ = {
			isa = PBXNativeTarget;
			buildConfigurationList = 35403C0123FE0DC200795A5B /* Build configuration list for PBXNativeTarget "PuppyLuv" */;
			buildPhases = (
				1BBA36B6615A5A4C891A7D1E /* [CP] Check Pods Manifest.lock */,
				35403BEB23FE0DC100795A5B /* Sources */,
				35403BEC23FE0DC100795A5B /* Frameworks */,
				35403BED23FE0DC100795A5B /* Resources */,
				62A1D8A9B78CC56B0AC40D2F /* [CP] Embed Pods Frameworks */,
			);
			buildRules = (
			);
			dependencies = (
			);
			name = PuppyLuv;
			productName = PuppyLuv;
			productReference = 35403BEF23FE0DC100795A5B /* PuppyLuv.app */;
			productType = "com.apple.product-type.application";
		};
/* End PBXNativeTarget section */

/* Begin PBXProject section */
		35403BE723FE0DC100795A5B /* Project object */ = {
			isa = PBXProject;
			attributes = {
				LastSwiftUpdateCheck = 1010;
				LastUpgradeCheck = 1010;
				ORGANIZATIONNAME = "Athena Enosara";
				TargetAttributes = {
					35403BEE23FE0DC100795A5B = {
						CreatedOnToolsVersion = 10.1;
					};
				};
			};
			buildConfigurationList = 35403BEA23FE0DC100795A5B /* Build configuration list for PBXProject "PuppyLuv" */;
			compatibilityVersion = "Xcode 9.3";
			developmentRegion = en;
			hasScannedForEncodings = 0;
			knownRegions = (
				en,
				Base,
			);
			mainGroup = 35403BE623FE0DC100795A5B;
			productRefGroup = 35403BF023FE0DC100795A5B /* Products */;
			projectDirPath = "";
			projectRoot = "";
			targets = (
				35403BEE23FE0DC100795A5B /* PuppyLuv */,
			);
		};
/* End PBXProject section */

/* Begin PBXResourcesBuildPhase section */
		35403BED23FE0DC100795A5B /* Resources */ = {
			isa = PBXResourcesBuildPhase;
			buildActionMask = 2147483647;
			files = (
				35403BFD23FE0DC200795A5B /* LaunchScreen.storyboard in Resources */,
				35403BFA23FE0DC200795A5B /* Assets.xcassets in Resources */,
				35403BF823FE0DC100795A5B /* Main.storyboard in Resources */,
			);
			runOnlyForDeploymentPostprocessing = 0;
		};
/* End PBXResourcesBuildPhase section */

/* Begin PBXShellScriptBuildPhase section */
		1BBA36B6615A5A4C891A7D1E /* [CP] Check Pods Manifest.lock */ = {
			isa = PBXShellScriptBuildPhase;
			buildActionMask = 2147483647;
			files = (
			);
			inputFileListPaths = (
			);
			inputPaths = (
				"${PODS_PODFILE_DIR_PATH}/Podfile.lock",
				"${PODS_ROOT}/Manifest.lock",
			);
			name = "[CP] Check Pods Manifest.lock";
			outputFileListPaths = (
			);
			outputPaths = (
				"$(DERIVED_FILE_DIR)/Pods-PuppyLuv-checkManifestLockResult.txt",
			);
			runOnlyForDeploymentPostprocessing = 0;
			shellPath = /bin/sh;
			shellScript = "diff \"${PODS_PODFILE_DIR_PATH}/Podfile.lock\" \"${PODS_ROOT}/Manifest.lock\" > /dev/null\nif [ $? != 0 ] ; then\n    # print error to STDERR\n    echo \"error: The sandbox is not in sync with the Podfile.lock. Run 'pod install' or update your CocoaPods installation.\" >&2\n    exit 1\nfi\n# This output is used by Xcode 'outputs' to avoid re-running this script phase.\necho \"SUCCESS\" > \"${SCRIPT_OUTPUT_FILE_0}\"\n";
			showEnvVarsInLog = 0;
		};
		62A1D8A9B78CC56B0AC40D2F /* [CP] Embed Pods Frameworks */ = {
			isa = PBXShellScriptBuildPhase;
			buildActionMask = 2147483647;
			files = (
			);
			inputFileListPaths = (
				"${PODS_ROOT}/Target Support Files/Pods-PuppyLuv/Pods-PuppyLuv-frameworks-${CONFIGURATION}-input-files.xcfilelist",
			);
			name = "[CP] Embed Pods Frameworks";
			outputFileListPaths = (
				"${PODS_ROOT}/Target Support Files/Pods-PuppyLuv/Pods-PuppyLuv-frameworks-${CONFIGURATION}-output-files.xcfilelist",
			);
			runOnlyForDeploymentPostprocessing = 0;
			shellPath = /bin/sh;
			shellScript = "\"${PODS_ROOT}/Target Support Files/Pods-PuppyLuv/Pods-PuppyLuv-frameworks.sh\"\n";
			showEnvVarsInLog = 0;
		};
/* End PBXShellScriptBuildPhase section */

/* Begin PBXSourcesBuildPhase section */
		35403BEB23FE0DC100795A5B /* Sources */ = {
			isa = PBXSourcesBuildPhase;
			buildActionMask = 2147483647;
			files = (
				018309D424451B6D00271880 /* SettingCameraViewController.swift in Sources */,
				A349A94C2435852700C94A41 /* QuestionsViewController.swift in Sources */,
				A38E69C624202F2300BBD665 /* HomeViewController.swift in Sources */,
				A349A94824355CA900C94A41 /* QuizViewController.swift in Sources */,
				A38E69C424202E2F00BBD665 /* LoginViewController.swift in Sources */,
				A38C79AE244A5FDE009F96BB /* CommentCell.swift in Sources */,
				A38E69C82420343300BBD665 /* MainTabController.swift in Sources */,
				A38C39BA242993FC00E76313 /* SettingViewController.swift in Sources */,
				35403BF523FE0DC100795A5B /* ViewController.swift in Sources */,
				A38C79AA244A3D4E009F96BB /* FeedCameraViewController.swift in Sources */,
				A38C79AC244A4781009F96BB /* DogFeedCell.swift in Sources */,
				A38C79A62444ED86009F96BB /* FeedViewController.swift in Sources */,
				A38E69CA24204A1F00BBD665 /* ProfileViewController.swift in Sources */,
				A38C39BC24299AED00E76313 /* SettingTableViewController.swift in Sources */,
				35403BF323FE0DC100795A5B /* AppDelegate.swift in Sources */,
			);
			runOnlyForDeploymentPostprocessing = 0;
		};
/* End PBXSourcesBuildPhase section */

/* Begin PBXVariantGroup section */
		35403BF623FE0DC100795A5B /* Main.storyboard */ = {
			isa = PBXVariantGroup;
			children = (
				35403BF723FE0DC100795A5B /* Base */,
			);
			name = Main.storyboard;
			sourceTree = "<group>";
		};
		35403BFB23FE0DC200795A5B /* LaunchScreen.storyboard */ = {
			isa = PBXVariantGroup;
			children = (
				35403BFC23FE0DC200795A5B /* Base */,
			);
			name = LaunchScreen.storyboard;
			sourceTree = "<group>";
		};
/* End PBXVariantGroup section */

/* Begin XCBuildConfiguration section */
		35403BFF23FE0DC200795A5B /* Debug */ = {
			isa = XCBuildConfiguration;
			buildSettings = {
				ALWAYS_SEARCH_USER_PATHS = NO;
				CLANG_ANALYZER_NONNULL = YES;
				CLANG_ANALYZER_NUMBER_OBJECT_CONVERSION = YES_AGGRESSIVE;
				CLANG_CXX_LANGUAGE_STANDARD = "gnu++14";
				CLANG_CXX_LIBRARY = "libc++";
				CLANG_ENABLE_MODULES = YES;
				CLANG_ENABLE_OBJC_ARC = YES;
				CLANG_ENABLE_OBJC_WEAK = YES;
				CLANG_WARN_BLOCK_CAPTURE_AUTORELEASING = YES;
				CLANG_WARN_BOOL_CONVERSION = YES;
				CLANG_WARN_COMMA = YES;
				CLANG_WARN_CONSTANT_CONVERSION = YES;
				CLANG_WARN_DEPRECATED_OBJC_IMPLEMENTATIONS = YES;
				CLANG_WARN_DIRECT_OBJC_ISA_USAGE = YES_ERROR;
				CLANG_WARN_DOCUMENTATION_COMMENTS = YES;
				CLANG_WARN_EMPTY_BODY = YES;
				CLANG_WARN_ENUM_CONVERSION = YES;
				CLANG_WARN_INFINITE_RECURSION = YES;
				CLANG_WARN_INT_CONVERSION = YES;
				CLANG_WARN_NON_LITERAL_NULL_CONVERSION = YES;
				CLANG_WARN_OBJC_IMPLICIT_RETAIN_SELF = YES;
				CLANG_WARN_OBJC_LITERAL_CONVERSION = YES;
				CLANG_WARN_OBJC_ROOT_CLASS = YES_ERROR;
				CLANG_WARN_RANGE_LOOP_ANALYSIS = YES;
				CLANG_WARN_STRICT_PROTOTYPES = YES;
				CLANG_WARN_SUSPICIOUS_MOVE = YES;
				CLANG_WARN_UNGUARDED_AVAILABILITY = YES_AGGRESSIVE;
				CLANG_WARN_UNREACHABLE_CODE = YES;
				CLANG_WARN__DUPLICATE_METHOD_MATCH = YES;
				CODE_SIGN_IDENTITY = "iPhone Developer";
				COPY_PHASE_STRIP = NO;
				DEBUG_INFORMATION_FORMAT = dwarf;
				ENABLE_STRICT_OBJC_MSGSEND = YES;
				ENABLE_TESTABILITY = YES;
				GCC_C_LANGUAGE_STANDARD = gnu11;
				GCC_DYNAMIC_NO_PIC = NO;
				GCC_NO_COMMON_BLOCKS = YES;
				GCC_OPTIMIZATION_LEVEL = 0;
				GCC_PREPROCESSOR_DEFINITIONS = (
					"DEBUG=1",
					"$(inherited)",
				);
				GCC_WARN_64_TO_32_BIT_CONVERSION = YES;
				GCC_WARN_ABOUT_RETURN_TYPE = YES_ERROR;
				GCC_WARN_UNDECLARED_SELECTOR = YES;
				GCC_WARN_UNINITIALIZED_AUTOS = YES_AGGRESSIVE;
				GCC_WARN_UNUSED_FUNCTION = YES;
				GCC_WARN_UNUSED_VARIABLE = YES;
				IPHONEOS_DEPLOYMENT_TARGET = 12.1;
				MTL_ENABLE_DEBUG_INFO = INCLUDE_SOURCE;
				MTL_FAST_MATH = YES;
				ONLY_ACTIVE_ARCH = YES;
				SDKROOT = iphoneos;
				SWIFT_ACTIVE_COMPILATION_CONDITIONS = DEBUG;
				SWIFT_OPTIMIZATION_LEVEL = "-Onone";
			};
			name = Debug;
		};
		35403C0023FE0DC200795A5B /* Release */ = {
			isa = XCBuildConfiguration;
			buildSettings = {
				ALWAYS_SEARCH_USER_PATHS = NO;
				CLANG_ANALYZER_NONNULL = YES;
				CLANG_ANALYZER_NUMBER_OBJECT_CONVERSION = YES_AGGRESSIVE;
				CLANG_CXX_LANGUAGE_STANDARD = "gnu++14";
				CLANG_CXX_LIBRARY = "libc++";
				CLANG_ENABLE_MODULES = YES;
				CLANG_ENABLE_OBJC_ARC = YES;
				CLANG_ENABLE_OBJC_WEAK = YES;
				CLANG_WARN_BLOCK_CAPTURE_AUTORELEASING = YES;
				CLANG_WARN_BOOL_CONVERSION = YES;
				CLANG_WARN_COMMA = YES;
				CLANG_WARN_CONSTANT_CONVERSION = YES;
				CLANG_WARN_DEPRECATED_OBJC_IMPLEMENTATIONS = YES;
				CLANG_WARN_DIRECT_OBJC_ISA_USAGE = YES_ERROR;
				CLANG_WARN_DOCUMENTATION_COMMENTS = YES;
				CLANG_WARN_EMPTY_BODY = YES;
				CLANG_WARN_ENUM_CONVERSION = YES;
				CLANG_WARN_INFINITE_RECURSION = YES;
				CLANG_WARN_INT_CONVERSION = YES;
				CLANG_WARN_NON_LITERAL_NULL_CONVERSION = YES;
				CLANG_WARN_OBJC_IMPLICIT_RETAIN_SELF = YES;
				CLANG_WARN_OBJC_LITERAL_CONVERSION = YES;
				CLANG_WARN_OBJC_ROOT_CLASS = YES_ERROR;
				CLANG_WARN_RANGE_LOOP_ANALYSIS = YES;
				CLANG_WARN_STRICT_PROTOTYPES = YES;
				CLANG_WARN_SUSPICIOUS_MOVE = YES;
				CLANG_WARN_UNGUARDED_AVAILABILITY = YES_AGGRESSIVE;
				CLANG_WARN_UNREACHABLE_CODE = YES;
				CLANG_WARN__DUPLICATE_METHOD_MATCH = YES;
				CODE_SIGN_IDENTITY = "iPhone Developer";
				COPY_PHASE_STRIP = NO;
				DEBUG_INFORMATION_FORMAT = "dwarf-with-dsym";
				ENABLE_NS_ASSERTIONS = NO;
				ENABLE_STRICT_OBJC_MSGSEND = YES;
				GCC_C_LANGUAGE_STANDARD = gnu11;
				GCC_NO_COMMON_BLOCKS = YES;
				GCC_WARN_64_TO_32_BIT_CONVERSION = YES;
				GCC_WARN_ABOUT_RETURN_TYPE = YES_ERROR;
				GCC_WARN_UNDECLARED_SELECTOR = YES;
				GCC_WARN_UNINITIALIZED_AUTOS = YES_AGGRESSIVE;
				GCC_WARN_UNUSED_FUNCTION = YES;
				GCC_WARN_UNUSED_VARIABLE = YES;
				IPHONEOS_DEPLOYMENT_TARGET = 12.1;
				MTL_ENABLE_DEBUG_INFO = NO;
				MTL_FAST_MATH = YES;
				SDKROOT = iphoneos;
				SWIFT_COMPILATION_MODE = wholemodule;
				SWIFT_OPTIMIZATION_LEVEL = "-O";
				VALIDATE_PRODUCT = YES;
			};
			name = Release;
		};
		35403C0223FE0DC200795A5B /* Debug */ = {
			isa = XCBuildConfiguration;
			baseConfigurationReference = 7C9D2B0B6D6F778B5D4B72D6 /* Pods-PuppyLuv.debug.xcconfig */;
			buildSettings = {
				ASSETCATALOG_COMPILER_APPICON_NAME = AppIcon;
				CODE_SIGN_STYLE = Automatic;
				INFOPLIST_FILE = PuppyLuv/Info.plist;
				LD_RUNPATH_SEARCH_PATHS = (
					"$(inherited)",
					"@executable_path/Frameworks",
				);
				PRODUCT_BUNDLE_IDENTIFIER = csumb.PuppyLuv;
				PRODUCT_NAME = "$(TARGET_NAME)";
				SWIFT_VERSION = 4.2;
				TARGETED_DEVICE_FAMILY = "1,2";
			};
			name = Debug;
		};
		35403C0323FE0DC200795A5B /* Release */ = {
			isa = XCBuildConfiguration;
			baseConfigurationReference = 6C928C1B6910AF8895171472 /* Pods-PuppyLuv.release.xcconfig */;
			buildSettings = {
				ASSETCATALOG_COMPILER_APPICON_NAME = AppIcon;
				CODE_SIGN_STYLE = Automatic;
				INFOPLIST_FILE = PuppyLuv/Info.plist;
				LD_RUNPATH_SEARCH_PATHS = (
					"$(inherited)",
					"@executable_path/Frameworks",
				);
				PRODUCT_BUNDLE_IDENTIFIER = csumb.PuppyLuv;
				PRODUCT_NAME = "$(TARGET_NAME)";
				SWIFT_VERSION = 4.2;
				TARGETED_DEVICE_FAMILY = "1,2";
			};
			name = Release;
		};
/* End XCBuildConfiguration section */

/* Begin XCConfigurationList section */
		35403BEA23FE0DC100795A5B /* Build configuration list for PBXProject "PuppyLuv" */ = {
			isa = XCConfigurationList;
			buildConfigurations = (
				35403BFF23FE0DC200795A5B /* Debug */,
				35403C0023FE0DC200795A5B /* Release */,
			);
			defaultConfigurationIsVisible = 0;
			defaultConfigurationName = Release;
		};
		35403C0123FE0DC200795A5B /* Build configuration list for PBXNativeTarget "PuppyLuv" */ = {
			isa = XCConfigurationList;
			buildConfigurations = (
				35403C0223FE0DC200795A5B /* Debug */,
				35403C0323FE0DC200795A5B /* Release */,
			);
			defaultConfigurationIsVisible = 0;
			defaultConfigurationName = Release;
		};
/* End XCConfigurationList section */
	};
	rootObject = 35403BE723FE0DC100795A5B /* Project object */;
}
